
Microsoft Visual Studio Solution File, Format Version 12.00
# Visual Studio 14
VisualStudioVersion = 14.0.24720.0
MinimumVisualStudioVersion = 10.0.40219.1
Project("{FAE04EC0-301F-11D3-BF4B-00C04F79EFBC}") = "ControlServer", "ControlServer\ControlServer.csproj", "{F48FE781-C750-4D77-84E5-5A9AA2F6A273}"
EndProject
Project("{FAE04EC0-301F-11D3-BF4B-00C04F79EFBC}") = "DataSource.TFS", "DataSource.TFS\DataSource.TFS.csproj", "{908303AA-741A-4AAB-8906-C0C26D67BF7D}"
EndProject
Project("{FAE04EC0-301F-11D3-BF4B-00C04F79EFBC}") = "DataSource.Common", "DataSource.Common\DataSource.Common.csproj", "{226DA498-F44C-4BBE-ABE8-AD9D6D5C54F7}"
	ProjectSection(ProjectDependencies) = postProject
		{F48FE781-C750-4D77-84E5-5A9AA2F6A273} = {F48FE781-C750-4D77-84E5-5A9AA2F6A273}
	EndProjectSection
EndProject
Project("{FAE04EC0-301F-11D3-BF4B-00C04F79EFBC}") = "DataSource.Service", "DataSource.Service\DataSource.Service.csproj", "{6FC1094D-D074-48EE-8631-00E58F63FDE9}"
EndProject
Project("{FAE04EC0-301F-11D3-BF4B-00C04F79EFBC}") = "DataSource.TC", "DataSource.TC\DataSource.TC.csproj", "{B02FAF9E-1D7D-48EB-BE76-D0DD772B4DAB}"
EndProject
Project("{FAE04EC0-301F-11D3-BF4B-00C04F79EFBC}") = "DataSource.TFS2015", "DataSource.TFS2015\DataSource.TFS2015.csproj", "{636774A1-EE3E-42E6-B226-D77A3A335371}"
EndProject
Project("{FAE04EC0-301F-11D3-BF4B-00C04F79EFBC}") = "BalticAmadeus.BuildWatch.Builds", "BalticAmadeus.BuildWatch.Builds\BalticAmadeus.BuildWatch.Builds.csproj", "{94B2E975-48B6-4B5E-96CB-5A7FB37ADE2E}"
	ProjectSection(ProjectDependencies) = postProject
		{F48FE781-C750-4D77-84E5-5A9AA2F6A273} = {F48FE781-C750-4D77-84E5-5A9AA2F6A273}
	EndProjectSection
EndProject
Project("{FAE04EC0-301F-11D3-BF4B-00C04F79EFBC}") = "BalticAmadeus.BuildWatch", "BalticAmadeus.BuildWatch\BalticAmadeus.BuildWatch.csproj", "{C86675EE-D04D-4287-AC13-56A106F2D56D}"
EndProject
Project("{FAE04EC0-301F-11D3-BF4B-00C04F79EFBC}") = "BalticAmadeus.BuildWatch.Resources", "BalticAmadeus.BuildWatch.Resources\BalticAmadeus.BuildWatch.Resources.csproj", "{D64BADD7-9F68-44CF-8F98-328A9BA772F8}"
EndProject
Project("{FAE04EC0-301F-11D3-BF4B-00C04F79EFBC}") = "BalticAmadeus.BuildWatch.Infrastructure", "BalticAmadeus.BuildWatch.Infrastructure\BalticAmadeus.BuildWatch.Infrastructure.csproj", "{C22575AF-9794-4343-8A9F-1790573CEEDF}"
EndProject
Project("{FAE04EC0-301F-11D3-BF4B-00C04F79EFBC}") = "BuildWatch.Controls", "BuildWatch.Controls\BuildWatch.Controls.csproj", "{28A3BE82-CB9D-4057-A2BD-0E349F3A1493}"
EndProject
Project("{FAE04EC0-301F-11D3-BF4B-00C04F79EFBC}") = "BuildWatch", "BuildWatch\BuildWatch.csproj", "{69CEA981-7868-4837-9E4C-4B25A2C6AE8B}"
EndProject
Project("{FAE04EC0-301F-11D3-BF4B-00C04F79EFBC}") = "BalticAmadeus.BuildServer.Interfaces", "BalticAmadeus.BuildServer.Interfaces\BalticAmadeus.BuildServer.Interfaces.csproj", "{190B55B7-08DE-43EC-828F-D5A012F9291C}"
EndProject
Project("{FAE04EC0-301F-11D3-BF4B-00C04F79EFBC}") = "BalticAmadeus.BuildServer", "BalticAmadeus.BuildServer\BalticAmadeus.BuildServer.csproj", "{ED6D307B-6E25-472B-B089-62ED07CF68A6}"
EndProject
Project("{FAE04EC0-301F-11D3-BF4B-00C04F79EFBC}") = "BalticAmadeus.BuildServer.Domain", "BalticAmadeus.BuildServer.Domain\BalticAmadeus.BuildServer.Domain.csproj", "{463E1F81-BFAE-48D5-A66B-4486132A70DE}"
EndProject
Project("{FAE04EC0-301F-11D3-BF4B-00C04F79EFBC}") = "BalticAmadeus.BuildPusher", "BalticAmadeus.BuildPusher\BalticAmadeus.BuildPusher.csproj", "{2516FD88-DC6A-4800-8A3F-2070570D9C9C}"
EndProject
Project("{2150E333-8FDC-42A3-9474-1A3956D46DE8}") = "Pusher", "Pusher", "{A92E40C7-E74C-440D-B2B0-EA2B3F8286FD}"
EndProject
Project("{2150E333-8FDC-42A3-9474-1A3956D46DE8}") = "Watcher", "Watcher", "{D491940D-1D26-4000-A6CC-2D0A1F66A2FD}"
EndProject
Project("{2150E333-8FDC-42A3-9474-1A3956D46DE8}") = "Server", "Server", "{8C2592BB-656A-4D74-ACAB-35CACA2CBBD5}"
EndProject
Project("{FAE04EC0-301F-11D3-BF4B-00C04F79EFBC}") = "BalticAmadeus.BuildPusher.Infrastructure", "BalticAmadeus.BuildPusher.Infrastructure\BalticAmadeus.BuildPusher.Infrastructure.csproj", "{0B86244D-1682-4C99-A9BD-3C08D12668EE}"
EndProject
Project("{2150E333-8FDC-42A3-9474-1A3956D46DE8}") = "Legacy", "Legacy", "{515E80C4-CEBD-4B60-A895-6E2C2DBE6B1D}"
EndProject
Project("{FAE04EC0-301F-11D3-BF4B-00C04F79EFBC}") = "BalticAmadeus.BuildPusher.DataSource.TeamCity", "BalticAmadeus.BuildPusher.DataSource.TeamCity\BalticAmadeus.BuildPusher.DataSource.TeamCity.csproj", "{CDA86298-290A-41F6-9426-26B021BAD710}"
EndProject
Project("{FAE04EC0-301F-11D3-BF4B-00C04F79EFBC}") = "BalticAmadeus.BuildPusher.DataSource.Tfs", "BalticAmadeus.BuildPusher.DataSource.Tfs\BalticAmadeus.BuildPusher.DataSource.Tfs.csproj", "{BC966144-2A7B-42FF-BE31-BA599DB74C15}"
EndProject
Project("{2150E333-8FDC-42A3-9474-1A3956D46DE8}") = "Tools", "Tools", "{531A26F9-4F25-423C-A782-7EDACA197152}"
EndProject
Project("{FAE04EC0-301F-11D3-BF4B-00C04F79EFBC}") = "Design", "Design\Design.csproj", "{3CC74BAB-78CA-42E5-81B1-E4693D61DE88}"
EndProject
Project("{2150E333-8FDC-42A3-9474-1A3956D46DE8}") = "Tests", "Tests", "{F38D1C6E-B1E7-429B-AA01-BF83CF736420}"
EndProject
Global
	GlobalSection(SolutionConfigurationPlatforms) = preSolution
		Debug|Any CPU = Debug|Any CPU
		Debug|Mixed Platforms = Debug|Mixed Platforms
		Debug|x64 = Debug|x64
		Debug|x86 = Debug|x86
		Release|Any CPU = Release|Any CPU
		Release|Mixed Platforms = Release|Mixed Platforms
		Release|x64 = Release|x64
		Release|x86 = Release|x86
	EndGlobalSection
	GlobalSection(ProjectConfigurationPlatforms) = postSolution
		{F48FE781-C750-4D77-84E5-5A9AA2F6A273}.Debug|Any CPU.ActiveCfg = Debug|Any CPU
		{F48FE781-C750-4D77-84E5-5A9AA2F6A273}.Debug|Any CPU.Build.0 = Debug|Any CPU
		{F48FE781-C750-4D77-84E5-5A9AA2F6A273}.Debug|Mixed Platforms.ActiveCfg = Debug|Any CPU
		{F48FE781-C750-4D77-84E5-5A9AA2F6A273}.Debug|Mixed Platforms.Build.0 = Debug|Any CPU
		{F48FE781-C750-4D77-84E5-5A9AA2F6A273}.Debug|x64.ActiveCfg = Debug|Any CPU
		{F48FE781-C750-4D77-84E5-5A9AA2F6A273}.Debug|x64.Build.0 = Debug|Any CPU
		{F48FE781-C750-4D77-84E5-5A9AA2F6A273}.Debug|x86.ActiveCfg = Debug|Any CPU
		{F48FE781-C750-4D77-84E5-5A9AA2F6A273}.Release|Any CPU.ActiveCfg = Release|Any CPU
		{F48FE781-C750-4D77-84E5-5A9AA2F6A273}.Release|Any CPU.Build.0 = Release|Any CPU
		{F48FE781-C750-4D77-84E5-5A9AA2F6A273}.Release|Mixed Platforms.ActiveCfg = Release|Any CPU
		{F48FE781-C750-4D77-84E5-5A9AA2F6A273}.Release|Mixed Platforms.Build.0 = Release|Any CPU
		{F48FE781-C750-4D77-84E5-5A9AA2F6A273}.Release|x64.ActiveCfg = Release|Any CPU
		{F48FE781-C750-4D77-84E5-5A9AA2F6A273}.Release|x64.Build.0 = Release|Any CPU
		{F48FE781-C750-4D77-84E5-5A9AA2F6A273}.Release|x86.ActiveCfg = Release|Any CPU
		{908303AA-741A-4AAB-8906-C0C26D67BF7D}.Debug|Any CPU.ActiveCfg = Debug|Any CPU
		{908303AA-741A-4AAB-8906-C0C26D67BF7D}.Debug|Any CPU.Build.0 = Debug|Any CPU
		{908303AA-741A-4AAB-8906-C0C26D67BF7D}.Debug|Mixed Platforms.ActiveCfg = Debug|Any CPU
		{908303AA-741A-4AAB-8906-C0C26D67BF7D}.Debug|Mixed Platforms.Build.0 = Debug|Any CPU
		{908303AA-741A-4AAB-8906-C0C26D67BF7D}.Debug|x64.ActiveCfg = Debug|x64
		{908303AA-741A-4AAB-8906-C0C26D67BF7D}.Debug|x64.Build.0 = Debug|x64
		{908303AA-741A-4AAB-8906-C0C26D67BF7D}.Debug|x86.ActiveCfg = Debug|Any CPU
		{908303AA-741A-4AAB-8906-C0C26D67BF7D}.Release|Any CPU.ActiveCfg = Release|Any CPU
		{908303AA-741A-4AAB-8906-C0C26D67BF7D}.Release|Any CPU.Build.0 = Release|Any CPU
		{908303AA-741A-4AAB-8906-C0C26D67BF7D}.Release|Mixed Platforms.ActiveCfg = Release|Any CPU
		{908303AA-741A-4AAB-8906-C0C26D67BF7D}.Release|Mixed Platforms.Build.0 = Release|Any CPU
		{908303AA-741A-4AAB-8906-C0C26D67BF7D}.Release|x64.ActiveCfg = Release|x64
		{908303AA-741A-4AAB-8906-C0C26D67BF7D}.Release|x64.Build.0 = Release|x64
		{908303AA-741A-4AAB-8906-C0C26D67BF7D}.Release|x86.ActiveCfg = Release|Any CPU
		{226DA498-F44C-4BBE-ABE8-AD9D6D5C54F7}.Debug|Any CPU.ActiveCfg = Debug|Any CPU
		{226DA498-F44C-4BBE-ABE8-AD9D6D5C54F7}.Debug|Any CPU.Build.0 = Debug|Any CPU
		{226DA498-F44C-4BBE-ABE8-AD9D6D5C54F7}.Debug|Mixed Platforms.ActiveCfg = Debug|Any CPU
		{226DA498-F44C-4BBE-ABE8-AD9D6D5C54F7}.Debug|Mixed Platforms.Build.0 = Debug|Any CPU
		{226DA498-F44C-4BBE-ABE8-AD9D6D5C54F7}.Debug|x64.ActiveCfg = Debug|x64
		{226DA498-F44C-4BBE-ABE8-AD9D6D5C54F7}.Debug|x64.Build.0 = Debug|x64
		{226DA498-F44C-4BBE-ABE8-AD9D6D5C54F7}.Debug|x86.ActiveCfg = Debug|Any CPU
		{226DA498-F44C-4BBE-ABE8-AD9D6D5C54F7}.Release|Any CPU.ActiveCfg = Release|Any CPU
		{226DA498-F44C-4BBE-ABE8-AD9D6D5C54F7}.Release|Any CPU.Build.0 = Release|Any CPU
		{226DA498-F44C-4BBE-ABE8-AD9D6D5C54F7}.Release|Mixed Platforms.ActiveCfg = Release|Any CPU
		{226DA498-F44C-4BBE-ABE8-AD9D6D5C54F7}.Release|Mixed Platforms.Build.0 = Release|Any CPU
		{226DA498-F44C-4BBE-ABE8-AD9D6D5C54F7}.Release|x64.ActiveCfg = Release|x64
		{226DA498-F44C-4BBE-ABE8-AD9D6D5C54F7}.Release|x64.Build.0 = Release|x64
		{226DA498-F44C-4BBE-ABE8-AD9D6D5C54F7}.Release|x86.ActiveCfg = Release|Any CPU
		{6FC1094D-D074-48EE-8631-00E58F63FDE9}.Debug|Any CPU.ActiveCfg = Debug|x86
		{6FC1094D-D074-48EE-8631-00E58F63FDE9}.Debug|Mixed Platforms.ActiveCfg = Debug|x86
		{6FC1094D-D074-48EE-8631-00E58F63FDE9}.Debug|Mixed Platforms.Build.0 = Debug|x86
		{6FC1094D-D074-48EE-8631-00E58F63FDE9}.Debug|x64.ActiveCfg = Debug|x64
		{6FC1094D-D074-48EE-8631-00E58F63FDE9}.Debug|x64.Build.0 = Debug|x64
		{6FC1094D-D074-48EE-8631-00E58F63FDE9}.Debug|x86.ActiveCfg = Debug|x86
		{6FC1094D-D074-48EE-8631-00E58F63FDE9}.Debug|x86.Build.0 = Debug|x86
		{6FC1094D-D074-48EE-8631-00E58F63FDE9}.Release|Any CPU.ActiveCfg = Release|x86
		{6FC1094D-D074-48EE-8631-00E58F63FDE9}.Release|Mixed Platforms.ActiveCfg = Release|x86
		{6FC1094D-D074-48EE-8631-00E58F63FDE9}.Release|Mixed Platforms.Build.0 = Release|x86
		{6FC1094D-D074-48EE-8631-00E58F63FDE9}.Release|x64.ActiveCfg = Release|x64
		{6FC1094D-D074-48EE-8631-00E58F63FDE9}.Release|x64.Build.0 = Release|x64
		{6FC1094D-D074-48EE-8631-00E58F63FDE9}.Release|x86.ActiveCfg = Release|x86
		{6FC1094D-D074-48EE-8631-00E58F63FDE9}.Release|x86.Build.0 = Release|x86
		{B02FAF9E-1D7D-48EB-BE76-D0DD772B4DAB}.Debug|Any CPU.ActiveCfg = Debug|Any CPU
		{B02FAF9E-1D7D-48EB-BE76-D0DD772B4DAB}.Debug|Any CPU.Build.0 = Debug|Any CPU
		{B02FAF9E-1D7D-48EB-BE76-D0DD772B4DAB}.Debug|Mixed Platforms.ActiveCfg = Debug|Any CPU
		{B02FAF9E-1D7D-48EB-BE76-D0DD772B4DAB}.Debug|Mixed Platforms.Build.0 = Debug|Any CPU
		{B02FAF9E-1D7D-48EB-BE76-D0DD772B4DAB}.Debug|x64.ActiveCfg = Debug|Any CPU
		{B02FAF9E-1D7D-48EB-BE76-D0DD772B4DAB}.Debug|x86.ActiveCfg = Debug|Any CPU
		{B02FAF9E-1D7D-48EB-BE76-D0DD772B4DAB}.Release|Any CPU.ActiveCfg = Release|Any CPU
		{B02FAF9E-1D7D-48EB-BE76-D0DD772B4DAB}.Release|Any CPU.Build.0 = Release|Any CPU
		{B02FAF9E-1D7D-48EB-BE76-D0DD772B4DAB}.Release|Mixed Platforms.ActiveCfg = Release|Any CPU
		{B02FAF9E-1D7D-48EB-BE76-D0DD772B4DAB}.Release|Mixed Platforms.Build.0 = Release|Any CPU
		{B02FAF9E-1D7D-48EB-BE76-D0DD772B4DAB}.Release|x64.ActiveCfg = Release|Any CPU
		{B02FAF9E-1D7D-48EB-BE76-D0DD772B4DAB}.Release|x86.ActiveCfg = Release|Any CPU
		{636774A1-EE3E-42E6-B226-D77A3A335371}.Debug|Any CPU.ActiveCfg = Debug|Any CPU
		{636774A1-EE3E-42E6-B226-D77A3A335371}.Debug|Any CPU.Build.0 = Debug|Any CPU
		{636774A1-EE3E-42E6-B226-D77A3A335371}.Debug|Mixed Platforms.ActiveCfg = Debug|Any CPU
		{636774A1-EE3E-42E6-B226-D77A3A335371}.Debug|Mixed Platforms.Build.0 = Debug|Any CPU
		{636774A1-EE3E-42E6-B226-D77A3A335371}.Debug|x64.ActiveCfg = Debug|Any CPU
		{636774A1-EE3E-42E6-B226-D77A3A335371}.Debug|x86.ActiveCfg = Debug|Any CPU
		{636774A1-EE3E-42E6-B226-D77A3A335371}.Release|Any CPU.ActiveCfg = Release|Any CPU
		{636774A1-EE3E-42E6-B226-D77A3A335371}.Release|Any CPU.Build.0 = Release|Any CPU
		{636774A1-EE3E-42E6-B226-D77A3A335371}.Release|Mixed Platforms.ActiveCfg = Release|Any CPU
		{636774A1-EE3E-42E6-B226-D77A3A335371}.Release|Mixed Platforms.Build.0 = Release|Any CPU
		{636774A1-EE3E-42E6-B226-D77A3A335371}.Release|x64.ActiveCfg = Release|Any CPU
		{636774A1-EE3E-42E6-B226-D77A3A335371}.Release|x86.ActiveCfg = Release|Any CPU
		{94B2E975-48B6-4B5E-96CB-5A7FB37ADE2E}.Debug|Any CPU.ActiveCfg = Debug|Any CPU
		{94B2E975-48B6-4B5E-96CB-5A7FB37ADE2E}.Debug|Any CPU.Build.0 = Debug|Any CPU
		{94B2E975-48B6-4B5E-96CB-5A7FB37ADE2E}.Debug|Mixed Platforms.ActiveCfg = Debug|Any CPU
		{94B2E975-48B6-4B5E-96CB-5A7FB37ADE2E}.Debug|Mixed Platforms.Build.0 = Debug|Any CPU
		{94B2E975-48B6-4B5E-96CB-5A7FB37ADE2E}.Debug|x64.ActiveCfg = Debug|Any CPU
		{94B2E975-48B6-4B5E-96CB-5A7FB37ADE2E}.Debug|x64.Build.0 = Debug|Any CPU
		{94B2E975-48B6-4B5E-96CB-5A7FB37ADE2E}.Debug|x86.ActiveCfg = Debug|Any CPU
		{94B2E975-48B6-4B5E-96CB-5A7FB37ADE2E}.Debug|x86.Build.0 = Debug|Any CPU
		{94B2E975-48B6-4B5E-96CB-5A7FB37ADE2E}.Release|Any CPU.ActiveCfg = Release|Any CPU
		{94B2E975-48B6-4B5E-96CB-5A7FB37ADE2E}.Release|Any CPU.Build.0 = Release|Any CPU
		{94B2E975-48B6-4B5E-96CB-5A7FB37ADE2E}.Release|Mixed Platforms.ActiveCfg = Release|Any CPU
		{94B2E975-48B6-4B5E-96CB-5A7FB37ADE2E}.Release|Mixed Platforms.Build.0 = Release|Any CPU
		{94B2E975-48B6-4B5E-96CB-5A7FB37ADE2E}.Release|x64.ActiveCfg = Release|Any CPU
		{94B2E975-48B6-4B5E-96CB-5A7FB37ADE2E}.Release|x64.Build.0 = Release|Any CPU
		{94B2E975-48B6-4B5E-96CB-5A7FB37ADE2E}.Release|x86.ActiveCfg = Release|Any CPU
		{94B2E975-48B6-4B5E-96CB-5A7FB37ADE2E}.Release|x86.Build.0 = Release|Any CPU
		{C86675EE-D04D-4287-AC13-56A106F2D56D}.Debug|Any CPU.ActiveCfg = Debug|Any CPU
		{C86675EE-D04D-4287-AC13-56A106F2D56D}.Debug|Any CPU.Build.0 = Debug|Any CPU
		{C86675EE-D04D-4287-AC13-56A106F2D56D}.Debug|Mixed Platforms.ActiveCfg = Debug|Any CPU
		{C86675EE-D04D-4287-AC13-56A106F2D56D}.Debug|Mixed Platforms.Build.0 = Debug|Any CPU
		{C86675EE-D04D-4287-AC13-56A106F2D56D}.Debug|x64.ActiveCfg = Debug|Any CPU
		{C86675EE-D04D-4287-AC13-56A106F2D56D}.Debug|x64.Build.0 = Debug|Any CPU
		{C86675EE-D04D-4287-AC13-56A106F2D56D}.Debug|x86.ActiveCfg = Debug|Any CPU
		{C86675EE-D04D-4287-AC13-56A106F2D56D}.Debug|x86.Build.0 = Debug|Any CPU
		{C86675EE-D04D-4287-AC13-56A106F2D56D}.Release|Any CPU.ActiveCfg = Release|Any CPU
		{C86675EE-D04D-4287-AC13-56A106F2D56D}.Release|Any CPU.Build.0 = Release|Any CPU
		{C86675EE-D04D-4287-AC13-56A106F2D56D}.Release|Mixed Platforms.ActiveCfg = Release|Any CPU
		{C86675EE-D04D-4287-AC13-56A106F2D56D}.Release|Mixed Platforms.Build.0 = Release|Any CPU
		{C86675EE-D04D-4287-AC13-56A106F2D56D}.Release|x64.ActiveCfg = Release|Any CPU
		{C86675EE-D04D-4287-AC13-56A106F2D56D}.Release|x64.Build.0 = Release|Any CPU
		{C86675EE-D04D-4287-AC13-56A106F2D56D}.Release|x86.ActiveCfg = Release|Any CPU
		{C86675EE-D04D-4287-AC13-56A106F2D56D}.Release|x86.Build.0 = Release|Any CPU
		{D64BADD7-9F68-44CF-8F98-328A9BA772F8}.Debug|Any CPU.ActiveCfg = Debug|Any CPU
		{D64BADD7-9F68-44CF-8F98-328A9BA772F8}.Debug|Any CPU.Build.0 = Debug|Any CPU
		{D64BADD7-9F68-44CF-8F98-328A9BA772F8}.Debug|Mixed Platforms.ActiveCfg = Debug|Any CPU
		{D64BADD7-9F68-44CF-8F98-328A9BA772F8}.Debug|Mixed Platforms.Build.0 = Debug|Any CPU
		{D64BADD7-9F68-44CF-8F98-328A9BA772F8}.Debug|x64.ActiveCfg = Debug|Any CPU
		{D64BADD7-9F68-44CF-8F98-328A9BA772F8}.Debug|x64.Build.0 = Debug|Any CPU
		{D64BADD7-9F68-44CF-8F98-328A9BA772F8}.Debug|x86.ActiveCfg = Debug|Any CPU
		{D64BADD7-9F68-44CF-8F98-328A9BA772F8}.Debug|x86.Build.0 = Debug|Any CPU
		{D64BADD7-9F68-44CF-8F98-328A9BA772F8}.Release|Any CPU.ActiveCfg = Release|Any CPU
		{D64BADD7-9F68-44CF-8F98-328A9BA772F8}.Release|Any CPU.Build.0 = Release|Any CPU
		{D64BADD7-9F68-44CF-8F98-328A9BA772F8}.Release|Mixed Platforms.ActiveCfg = Release|Any CPU
		{D64BADD7-9F68-44CF-8F98-328A9BA772F8}.Release|Mixed Platforms.Build.0 = Release|Any CPU
		{D64BADD7-9F68-44CF-8F98-328A9BA772F8}.Release|x64.ActiveCfg = Release|Any CPU
		{D64BADD7-9F68-44CF-8F98-328A9BA772F8}.Release|x64.Build.0 = Release|Any CPU
		{D64BADD7-9F68-44CF-8F98-328A9BA772F8}.Release|x86.ActiveCfg = Release|Any CPU
		{D64BADD7-9F68-44CF-8F98-328A9BA772F8}.Release|x86.Build.0 = Release|Any CPU
		{C22575AF-9794-4343-8A9F-1790573CEEDF}.Debug|Any CPU.ActiveCfg = Debug|Any CPU
		{C22575AF-9794-4343-8A9F-1790573CEEDF}.Debug|Any CPU.Build.0 = Debug|Any CPU
		{C22575AF-9794-4343-8A9F-1790573CEEDF}.Debug|Mixed Platforms.ActiveCfg = Debug|Any CPU
		{C22575AF-9794-4343-8A9F-1790573CEEDF}.Debug|Mixed Platforms.Build.0 = Debug|Any CPU
		{C22575AF-9794-4343-8A9F-1790573CEEDF}.Debug|x64.ActiveCfg = Debug|Any CPU
		{C22575AF-9794-4343-8A9F-1790573CEEDF}.Debug|x64.Build.0 = Debug|Any CPU
		{C22575AF-9794-4343-8A9F-1790573CEEDF}.Debug|x86.ActiveCfg = Debug|Any CPU
		{C22575AF-9794-4343-8A9F-1790573CEEDF}.Debug|x86.Build.0 = Debug|Any CPU
		{C22575AF-9794-4343-8A9F-1790573CEEDF}.Release|Any CPU.ActiveCfg = Release|Any CPU
		{C22575AF-9794-4343-8A9F-1790573CEEDF}.Release|Any CPU.Build.0 = Release|Any CPU
		{C22575AF-9794-4343-8A9F-1790573CEEDF}.Release|Mixed Platforms.ActiveCfg = Release|Any CPU
		{C22575AF-9794-4343-8A9F-1790573CEEDF}.Release|Mixed Platforms.Build.0 = Release|Any CPU
		{C22575AF-9794-4343-8A9F-1790573CEEDF}.Release|x64.ActiveCfg = Release|Any CPU
		{C22575AF-9794-4343-8A9F-1790573CEEDF}.Release|x64.Build.0 = Release|Any CPU
		{C22575AF-9794-4343-8A9F-1790573CEEDF}.Release|x86.ActiveCfg = Release|Any CPU
		{C22575AF-9794-4343-8A9F-1790573CEEDF}.Release|x86.Build.0 = Release|Any CPU
		{28A3BE82-CB9D-4057-A2BD-0E349F3A1493}.Debug|Any CPU.ActiveCfg = Debug|Any CPU
		{28A3BE82-CB9D-4057-A2BD-0E349F3A1493}.Debug|Any CPU.Build.0 = Debug|Any CPU
		{28A3BE82-CB9D-4057-A2BD-0E349F3A1493}.Debug|Mixed Platforms.ActiveCfg = Debug|Any CPU
		{28A3BE82-CB9D-4057-A2BD-0E349F3A1493}.Debug|Mixed Platforms.Build.0 = Debug|Any CPU
		{28A3BE82-CB9D-4057-A2BD-0E349F3A1493}.Debug|x64.ActiveCfg = Debug|Any CPU
		{28A3BE82-CB9D-4057-A2BD-0E349F3A1493}.Debug|x64.Build.0 = Debug|Any CPU
		{28A3BE82-CB9D-4057-A2BD-0E349F3A1493}.Debug|x86.ActiveCfg = Debug|Any CPU
		{28A3BE82-CB9D-4057-A2BD-0E349F3A1493}.Debug|x86.Build.0 = Debug|Any CPU
		{28A3BE82-CB9D-4057-A2BD-0E349F3A1493}.Release|Any CPU.ActiveCfg = Release|Any CPU
		{28A3BE82-CB9D-4057-A2BD-0E349F3A1493}.Release|Any CPU.Build.0 = Release|Any CPU
		{28A3BE82-CB9D-4057-A2BD-0E349F3A1493}.Release|Mixed Platforms.ActiveCfg = Release|Any CPU
		{28A3BE82-CB9D-4057-A2BD-0E349F3A1493}.Release|Mixed Platforms.Build.0 = Release|Any CPU
		{28A3BE82-CB9D-4057-A2BD-0E349F3A1493}.Release|x64.ActiveCfg = Release|Any CPU
		{28A3BE82-CB9D-4057-A2BD-0E349F3A1493}.Release|x64.Build.0 = Release|Any CPU
		{28A3BE82-CB9D-4057-A2BD-0E349F3A1493}.Release|x86.ActiveCfg = Release|Any CPU
		{28A3BE82-CB9D-4057-A2BD-0E349F3A1493}.Release|x86.Build.0 = Release|Any CPU
		{69CEA981-7868-4837-9E4C-4B25A2C6AE8B}.Debug|Any CPU.ActiveCfg = Debug|x86
		{69CEA981-7868-4837-9E4C-4B25A2C6AE8B}.Debug|Mixed Platforms.ActiveCfg = Debug|x86
		{69CEA981-7868-4837-9E4C-4B25A2C6AE8B}.Debug|Mixed Platforms.Build.0 = Debug|x86
		{69CEA981-7868-4837-9E4C-4B25A2C6AE8B}.Debug|x64.ActiveCfg = Debug|x64
		{69CEA981-7868-4837-9E4C-4B25A2C6AE8B}.Debug|x64.Build.0 = Debug|x64
		{69CEA981-7868-4837-9E4C-4B25A2C6AE8B}.Debug|x86.ActiveCfg = Debug|x86
		{69CEA981-7868-4837-9E4C-4B25A2C6AE8B}.Debug|x86.Build.0 = Debug|x86
		{69CEA981-7868-4837-9E4C-4B25A2C6AE8B}.Release|Any CPU.ActiveCfg = Release|x86
		{69CEA981-7868-4837-9E4C-4B25A2C6AE8B}.Release|Mixed Platforms.ActiveCfg = Release|x86
		{69CEA981-7868-4837-9E4C-4B25A2C6AE8B}.Release|Mixed Platforms.Build.0 = Release|x86
		{69CEA981-7868-4837-9E4C-4B25A2C6AE8B}.Release|x64.ActiveCfg = Release|x64
		{69CEA981-7868-4837-9E4C-4B25A2C6AE8B}.Release|x64.Build.0 = Release|x64
		{69CEA981-7868-4837-9E4C-4B25A2C6AE8B}.Release|x86.ActiveCfg = Release|x86
		{69CEA981-7868-4837-9E4C-4B25A2C6AE8B}.Release|x86.Build.0 = Release|x86
		{190B55B7-08DE-43EC-828F-D5A012F9291C}.Debug|Any CPU.ActiveCfg = Debug|Any CPU
		{190B55B7-08DE-43EC-828F-D5A012F9291C}.Debug|Any CPU.Build.0 = Debug|Any CPU
		{190B55B7-08DE-43EC-828F-D5A012F9291C}.Debug|Mixed Platforms.ActiveCfg = Debug|Any CPU
		{190B55B7-08DE-43EC-828F-D5A012F9291C}.Debug|Mixed Platforms.Build.0 = Debug|Any CPU
		{190B55B7-08DE-43EC-828F-D5A012F9291C}.Debug|x64.ActiveCfg = Debug|Any CPU
		{190B55B7-08DE-43EC-828F-D5A012F9291C}.Debug|x64.Build.0 = Debug|Any CPU
		{190B55B7-08DE-43EC-828F-D5A012F9291C}.Debug|x86.ActiveCfg = Debug|Any CPU
		{190B55B7-08DE-43EC-828F-D5A012F9291C}.Debug|x86.Build.0 = Debug|Any CPU
		{190B55B7-08DE-43EC-828F-D5A012F9291C}.Release|Any CPU.ActiveCfg = Release|Any CPU
		{190B55B7-08DE-43EC-828F-D5A012F9291C}.Release|Any CPU.Build.0 = Release|Any CPU
		{190B55B7-08DE-43EC-828F-D5A012F9291C}.Release|Mixed Platforms.ActiveCfg = Release|Any CPU
		{190B55B7-08DE-43EC-828F-D5A012F9291C}.Release|Mixed Platforms.Build.0 = Release|Any CPU
		{190B55B7-08DE-43EC-828F-D5A012F9291C}.Release|x64.ActiveCfg = Release|Any CPU
		{190B55B7-08DE-43EC-828F-D5A012F9291C}.Release|x64.Build.0 = Release|Any CPU
		{190B55B7-08DE-43EC-828F-D5A012F9291C}.Release|x86.ActiveCfg = Release|Any CPU
		{190B55B7-08DE-43EC-828F-D5A012F9291C}.Release|x86.Build.0 = Release|Any CPU
		{ED6D307B-6E25-472B-B089-62ED07CF68A6}.Debug|Any CPU.ActiveCfg = Debug|Any CPU
		{ED6D307B-6E25-472B-B089-62ED07CF68A6}.Debug|Any CPU.Build.0 = Debug|Any CPU
		{ED6D307B-6E25-472B-B089-62ED07CF68A6}.Debug|Mixed Platforms.ActiveCfg = Debug|Any CPU
		{ED6D307B-6E25-472B-B089-62ED07CF68A6}.Debug|Mixed Platforms.Build.0 = Debug|Any CPU
		{ED6D307B-6E25-472B-B089-62ED07CF68A6}.Debug|x64.ActiveCfg = Debug|Any CPU
		{ED6D307B-6E25-472B-B089-62ED07CF68A6}.Debug|x64.Build.0 = Debug|Any CPU
		{ED6D307B-6E25-472B-B089-62ED07CF68A6}.Debug|x86.ActiveCfg = Debug|Any CPU
		{ED6D307B-6E25-472B-B089-62ED07CF68A6}.Debug|x86.Build.0 = Debug|Any CPU
		{ED6D307B-6E25-472B-B089-62ED07CF68A6}.Release|Any CPU.ActiveCfg = Release|Any CPU
		{ED6D307B-6E25-472B-B089-62ED07CF68A6}.Release|Any CPU.Build.0 = Release|Any CPU
		{ED6D307B-6E25-472B-B089-62ED07CF68A6}.Release|Mixed Platforms.ActiveCfg = Release|Any CPU
		{ED6D307B-6E25-472B-B089-62ED07CF68A6}.Release|Mixed Platforms.Build.0 = Release|Any CPU
		{ED6D307B-6E25-472B-B089-62ED07CF68A6}.Release|x64.ActiveCfg = Release|Any CPU
		{ED6D307B-6E25-472B-B089-62ED07CF68A6}.Release|x64.Build.0 = Release|Any CPU
		{ED6D307B-6E25-472B-B089-62ED07CF68A6}.Release|x86.ActiveCfg = Release|Any CPU
		{ED6D307B-6E25-472B-B089-62ED07CF68A6}.Release|x86.Build.0 = Release|Any CPU
		{463E1F81-BFAE-48D5-A66B-4486132A70DE}.Debug|Any CPU.ActiveCfg = Debug|Any CPU
		{463E1F81-BFAE-48D5-A66B-4486132A70DE}.Debug|Any CPU.Build.0 = Debug|Any CPU
		{463E1F81-BFAE-48D5-A66B-4486132A70DE}.Debug|Mixed Platforms.ActiveCfg = Debug|Any CPU
		{463E1F81-BFAE-48D5-A66B-4486132A70DE}.Debug|Mixed Platforms.Build.0 = Debug|Any CPU
		{463E1F81-BFAE-48D5-A66B-4486132A70DE}.Debug|x64.ActiveCfg = Debug|Any CPU
		{463E1F81-BFAE-48D5-A66B-4486132A70DE}.Debug|x64.Build.0 = Debug|Any CPU
		{463E1F81-BFAE-48D5-A66B-4486132A70DE}.Debug|x86.ActiveCfg = Debug|Any CPU
		{463E1F81-BFAE-48D5-A66B-4486132A70DE}.Debug|x86.Build.0 = Debug|Any CPU
		{463E1F81-BFAE-48D5-A66B-4486132A70DE}.Release|Any CPU.ActiveCfg = Release|Any CPU
		{463E1F81-BFAE-48D5-A66B-4486132A70DE}.Release|Any CPU.Build.0 = Release|Any CPU
		{463E1F81-BFAE-48D5-A66B-4486132A70DE}.Release|Mixed Platforms.ActiveCfg = Release|Any CPU
		{463E1F81-BFAE-48D5-A66B-4486132A70DE}.Release|Mixed Platforms.Build.0 = Release|Any CPU
		{463E1F81-BFAE-48D5-A66B-4486132A70DE}.Release|x64.ActiveCfg = Release|Any CPU
		{463E1F81-BFAE-48D5-A66B-4486132A70DE}.Release|x64.Build.0 = Release|Any CPU
		{463E1F81-BFAE-48D5-A66B-4486132A70DE}.Release|x86.ActiveCfg = Release|Any CPU
		{463E1F81-BFAE-48D5-A66B-4486132A70DE}.Release|x86.Build.0 = Release|Any CPU
		{2516FD88-DC6A-4800-8A3F-2070570D9C9C}.Debug|Any CPU.ActiveCfg = Debug|Any CPU
		{2516FD88-DC6A-4800-8A3F-2070570D9C9C}.Debug|Any CPU.Build.0 = Debug|Any CPU
		{2516FD88-DC6A-4800-8A3F-2070570D9C9C}.Debug|Mixed Platforms.ActiveCfg = Debug|Any CPU
		{2516FD88-DC6A-4800-8A3F-2070570D9C9C}.Debug|Mixed Platforms.Build.0 = Debug|Any CPU
		{2516FD88-DC6A-4800-8A3F-2070570D9C9C}.Debug|x64.ActiveCfg = Debug|Any CPU
		{2516FD88-DC6A-4800-8A3F-2070570D9C9C}.Debug|x64.Build.0 = Debug|Any CPU
		{2516FD88-DC6A-4800-8A3F-2070570D9C9C}.Debug|x86.ActiveCfg = Debug|Any CPU
		{2516FD88-DC6A-4800-8A3F-2070570D9C9C}.Debug|x86.Build.0 = Debug|Any CPU
		{2516FD88-DC6A-4800-8A3F-2070570D9C9C}.Release|Any CPU.ActiveCfg = Release|Any CPU
		{2516FD88-DC6A-4800-8A3F-2070570D9C9C}.Release|Any CPU.Build.0 = Release|Any CPU
		{2516FD88-DC6A-4800-8A3F-2070570D9C9C}.Release|Mixed Platforms.ActiveCfg = Release|Any CPU
		{2516FD88-DC6A-4800-8A3F-2070570D9C9C}.Release|Mixed Platforms.Build.0 = Release|Any CPU
		{2516FD88-DC6A-4800-8A3F-2070570D9C9C}.Release|x64.ActiveCfg = Release|Any CPU
		{2516FD88-DC6A-4800-8A3F-2070570D9C9C}.Release|x64.Build.0 = Release|Any CPU
		{2516FD88-DC6A-4800-8A3F-2070570D9C9C}.Release|x86.ActiveCfg = Release|Any CPU
		{2516FD88-DC6A-4800-8A3F-2070570D9C9C}.Release|x86.Build.0 = Release|Any CPU
		{0B86244D-1682-4C99-A9BD-3C08D12668EE}.Debug|Any CPU.ActiveCfg = Debug|Any CPU
		{0B86244D-1682-4C99-A9BD-3C08D12668EE}.Debug|Any CPU.Build.0 = Debug|Any CPU
		{0B86244D-1682-4C99-A9BD-3C08D12668EE}.Debug|Mixed Platforms.ActiveCfg = Debug|Any CPU
		{0B86244D-1682-4C99-A9BD-3C08D12668EE}.Debug|Mixed Platforms.Build.0 = Debug|Any CPU
		{0B86244D-1682-4C99-A9BD-3C08D12668EE}.Debug|x64.ActiveCfg = Debug|Any CPU
		{0B86244D-1682-4C99-A9BD-3C08D12668EE}.Debug|x64.Build.0 = Debug|Any CPU
		{0B86244D-1682-4C99-A9BD-3C08D12668EE}.Debug|x86.ActiveCfg = Debug|Any CPU
		{0B86244D-1682-4C99-A9BD-3C08D12668EE}.Debug|x86.Build.0 = Debug|Any CPU
		{0B86244D-1682-4C99-A9BD-3C08D12668EE}.Release|Any CPU.ActiveCfg = Release|Any CPU
		{0B86244D-1682-4C99-A9BD-3C08D12668EE}.Release|Any CPU.Build.0 = Release|Any CPU
		{0B86244D-1682-4C99-A9BD-3C08D12668EE}.Release|Mixed Platforms.ActiveCfg = Release|Any CPU
		{0B86244D-1682-4C99-A9BD-3C08D12668EE}.Release|Mixed Platforms.Build.0 = Release|Any CPU
		{0B86244D-1682-4C99-A9BD-3C08D12668EE}.Release|x64.ActiveCfg = Release|Any CPU
		{0B86244D-1682-4C99-A9BD-3C08D12668EE}.Release|x64.Build.0 = Release|Any CPU
		{0B86244D-1682-4C99-A9BD-3C08D12668EE}.Release|x86.ActiveCfg = Release|Any CPU
		{0B86244D-1682-4C99-A9BD-3C08D12668EE}.Release|x86.Build.0 = Release|Any CPU
		{CDA86298-290A-41F6-9426-26B021BAD710}.Debug|Any CPU.ActiveCfg = Debug|Any CPU
		{CDA86298-290A-41F6-9426-26B021BAD710}.Debug|Any CPU.Build.0 = Debug|Any CPU
		{CDA86298-290A-41F6-9426-26B021BAD710}.Debug|Mixed Platforms.ActiveCfg = Debug|Any CPU
		{CDA86298-290A-41F6-9426-26B021BAD710}.Debug|Mixed Platforms.Build.0 = Debug|Any CPU
		{CDA86298-290A-41F6-9426-26B021BAD710}.Debug|x64.ActiveCfg = Debug|Any CPU
		{CDA86298-290A-41F6-9426-26B021BAD710}.Debug|x64.Build.0 = Debug|Any CPU
		{CDA86298-290A-41F6-9426-26B021BAD710}.Debug|x86.ActiveCfg = Debug|Any CPU
		{CDA86298-290A-41F6-9426-26B021BAD710}.Debug|x86.Build.0 = Debug|Any CPU
		{CDA86298-290A-41F6-9426-26B021BAD710}.Release|Any CPU.ActiveCfg = Release|Any CPU
		{CDA86298-290A-41F6-9426-26B021BAD710}.Release|Any CPU.Build.0 = Release|Any CPU
		{CDA86298-290A-41F6-9426-26B021BAD710}.Release|Mixed Platforms.ActiveCfg = Release|Any CPU
		{CDA86298-290A-41F6-9426-26B021BAD710}.Release|Mixed Platforms.Build.0 = Release|Any CPU
		{CDA86298-290A-41F6-9426-26B021BAD710}.Release|x64.ActiveCfg = Release|Any CPU
		{CDA86298-290A-41F6-9426-26B021BAD710}.Release|x64.Build.0 = Release|Any CPU
		{CDA86298-290A-41F6-9426-26B021BAD710}.Release|x86.ActiveCfg = Release|Any CPU
		{CDA86298-290A-41F6-9426-26B021BAD710}.Release|x86.Build.0 = Release|Any CPU
		{BC966144-2A7B-42FF-BE31-BA599DB74C15}.Debug|Any CPU.ActiveCfg = Debug|Any CPU
		{BC966144-2A7B-42FF-BE31-BA599DB74C15}.Debug|Any CPU.Build.0 = Debug|Any CPU
		{BC966144-2A7B-42FF-BE31-BA599DB74C15}.Debug|Mixed Platforms.ActiveCfg = Debug|Any CPU
		{BC966144-2A7B-42FF-BE31-BA599DB74C15}.Debug|Mixed Platforms.Build.0 = Debug|Any CPU
		{BC966144-2A7B-42FF-BE31-BA599DB74C15}.Debug|x64.ActiveCfg = Debug|Any CPU
		{BC966144-2A7B-42FF-BE31-BA599DB74C15}.Debug|x64.Build.0 = Debug|Any CPU
		{BC966144-2A7B-42FF-BE31-BA599DB74C15}.Debug|x86.ActiveCfg = Debug|Any CPU
		{BC966144-2A7B-42FF-BE31-BA599DB74C15}.Debug|x86.Build.0 = Debug|Any CPU
		{BC966144-2A7B-42FF-BE31-BA599DB74C15}.Release|Any CPU.ActiveCfg = Release|Any CPU
		{BC966144-2A7B-42FF-BE31-BA599DB74C15}.Release|Any CPU.Build.0 = Release|Any CPU
		{BC966144-2A7B-42FF-BE31-BA599DB74C15}.Release|Mixed Platforms.ActiveCfg = Release|Any CPU
		{BC966144-2A7B-42FF-BE31-BA599DB74C15}.Release|Mixed Platforms.Build.0 = Release|Any CPU
		{BC966144-2A7B-42FF-BE31-BA599DB74C15}.Release|x64.ActiveCfg = Release|Any CPU
		{BC966144-2A7B-42FF-BE31-BA599DB74C15}.Release|x64.Build.0 = Release|Any CPU
		{BC966144-2A7B-42FF-BE31-BA599DB74C15}.Release|x86.ActiveCfg = Release|Any CPU
		{BC966144-2A7B-42FF-BE31-BA599DB74C15}.Release|x86.Build.0 = Release|Any CPU
		{3CC74BAB-78CA-42E5-81B1-E4693D61DE88}.Debug|Any CPU.ActiveCfg = Debug|Any CPU
		{3CC74BAB-78CA-42E5-81B1-E4693D61DE88}.Debug|Any CPU.Build.0 = Debug|Any CPU
		{3CC74BAB-78CA-42E5-81B1-E4693D61DE88}.Debug|Mixed Platforms.ActiveCfg = Debug|Any CPU
		{3CC74BAB-78CA-42E5-81B1-E4693D61DE88}.Debug|Mixed Platforms.Build.0 = Debug|Any CPU
		{3CC74BAB-78CA-42E5-81B1-E4693D61DE88}.Debug|x64.ActiveCfg = Debug|Any CPU
		{3CC74BAB-78CA-42E5-81B1-E4693D61DE88}.Debug|x64.Build.0 = Debug|Any CPU
		{3CC74BAB-78CA-42E5-81B1-E4693D61DE88}.Debug|x86.ActiveCfg = Debug|Any CPU
		{3CC74BAB-78CA-42E5-81B1-E4693D61DE88}.Debug|x86.Build.0 = Debug|Any CPU
		{3CC74BAB-78CA-42E5-81B1-E4693D61DE88}.Release|Any CPU.ActiveCfg = Release|Any CPU
		{3CC74BAB-78CA-42E5-81B1-E4693D61DE88}.Release|Any CPU.Build.0 = Release|Any CPU
		{3CC74BAB-78CA-42E5-81B1-E4693D61DE88}.Release|Mixed Platforms.ActiveCfg = Release|Any CPU
		{3CC74BAB-78CA-42E5-81B1-E4693D61DE88}.Release|Mixed Platforms.Build.0 = Release|Any CPU
		{3CC74BAB-78CA-42E5-81B1-E4693D61DE88}.Release|x64.ActiveCfg = Release|Any CPU
		{3CC74BAB-78CA-42E5-81B1-E4693D61DE88}.Release|x64.Build.0 = Release|Any CPU
		{3CC74BAB-78CA-42E5-81B1-E4693D61DE88}.Release|x86.ActiveCfg = Release|Any CPU
		{3CC74BAB-78CA-42E5-81B1-E4693D61DE88}.Release|x86.Build.0 = Release|Any CPU
	EndGlobalSection
	GlobalSection(SolutionProperties) = preSolution
		HideSolutionNode = FALSE
	EndGlobalSection
	GlobalSection(NestedProjects) = preSolution
		{F48FE781-C750-4D77-84E5-5A9AA2F6A273} = {515E80C4-CEBD-4B60-A895-6E2C2DBE6B1D}
		{908303AA-741A-4AAB-8906-C0C26D67BF7D} = {515E80C4-CEBD-4B60-A895-6E2C2DBE6B1D}
		{226DA498-F44C-4BBE-ABE8-AD9D6D5C54F7} = {515E80C4-CEBD-4B60-A895-6E2C2DBE6B1D}
		{6FC1094D-D074-48EE-8631-00E58F63FDE9} = {515E80C4-CEBD-4B60-A895-6E2C2DBE6B1D}
		{B02FAF9E-1D7D-48EB-BE76-D0DD772B4DAB} = {515E80C4-CEBD-4B60-A895-6E2C2DBE6B1D}
		{636774A1-EE3E-42E6-B226-D77A3A335371} = {515E80C4-CEBD-4B60-A895-6E2C2DBE6B1D}
		{94B2E975-48B6-4B5E-96CB-5A7FB37ADE2E} = {D491940D-1D26-4000-A6CC-2D0A1F66A2FD}
		{C86675EE-D04D-4287-AC13-56A106F2D56D} = {D491940D-1D26-4000-A6CC-2D0A1F66A2FD}
		{D64BADD7-9F68-44CF-8F98-328A9BA772F8} = {D491940D-1D26-4000-A6CC-2D0A1F66A2FD}
		{C22575AF-9794-4343-8A9F-1790573CEEDF} = {D491940D-1D26-4000-A6CC-2D0A1F66A2FD}
		{28A3BE82-CB9D-4057-A2BD-0E349F3A1493} = {515E80C4-CEBD-4B60-A895-6E2C2DBE6B1D}
		{69CEA981-7868-4837-9E4C-4B25A2C6AE8B} = {515E80C4-CEBD-4B60-A895-6E2C2DBE6B1D}
		{190B55B7-08DE-43EC-828F-D5A012F9291C} = {8C2592BB-656A-4D74-ACAB-35CACA2CBBD5}
		{ED6D307B-6E25-472B-B089-62ED07CF68A6} = {8C2592BB-656A-4D74-ACAB-35CACA2CBBD5}
		{463E1F81-BFAE-48D5-A66B-4486132A70DE} = {8C2592BB-656A-4D74-ACAB-35CACA2CBBD5}
		{2516FD88-DC6A-4800-8A3F-2070570D9C9C} = {A92E40C7-E74C-440D-B2B0-EA2B3F8286FD}
		{0B86244D-1682-4C99-A9BD-3C08D12668EE} = {A92E40C7-E74C-440D-B2B0-EA2B3F8286FD}
		{CDA86298-290A-41F6-9426-26B021BAD710} = {A92E40C7-E74C-440D-B2B0-EA2B3F8286FD}
		{BC966144-2A7B-42FF-BE31-BA599DB74C15} = {A92E40C7-E74C-440D-B2B0-EA2B3F8286FD}
		{3CC74BAB-78CA-42E5-81B1-E4693D61DE88} = {531A26F9-4F25-423C-A782-7EDACA197152}
	EndGlobalSection
EndGlobal
